
Microsoft Visual Studio Solution File, Format Version 12.00
# Visual Studio Version 16
VisualStudioVersion = 16.0.30517.126
MinimumVisualStudioVersion = 10.0.40219.1
Project("{FAE04EC0-301F-11D3-BF4B-00C04F79EFBC}") = "AvanceProyecto", "AvanceProyecto.csproj", "{A2A57F2F-4C06-4856-84E5-1A1B32AA835D}"
EndProject
Global
	GlobalSection(SolutionConfigurationPlatforms) = preSolution
		Debug|Any CPU = Debug|Any CPU
		Release|Any CPU = Release|Any CPU
	EndGlobalSection
	GlobalSection(ProjectConfigurationPlatforms) = postSolution
		{A2A57F2F-4C06-4856-84E5-1A1B32AA835D}.Debug|Any CPU.ActiveCfg = Debug|Any CPU
		{A2A57F2F-4C06-4856-84E5-1A1B32AA835D}.Debug|Any CPU.Build.0 = Debug|Any CPU
		{A2A57F2F-4C06-4856-84E5-1A1B32AA835D}.Release|Any CPU.ActiveCfg = Release|Any CPU
		{A2A57F2F-4C06-4856-84E5-1A1B32AA835D}.Release|Any CPU.Build.0 = Release|Any CPU
	EndGlobalSection
	GlobalSection(SolutionProperties) = preSolution
		HideSolutionNode = FALSE
	EndGlobalSection
	GlobalSection(ExtensibilityGlobals) = postSolution
		SolutionGuid = {4FA3F2BE-98A4-4394-93BF-CEE6E891A705}
	EndGlobalSection
EndGlobal
